// !$*UTF8*$!
{
	archiveVersion = 1;
	classes = {
	};
	objectVersion = 46;
	objects = {

/* Begin PBXBuildFile section */
		846CAE581C31321700BEFDCF /* main.m in Sources */ = {isa = PBXBuildFile; fileRef = 846CAE571C31321700BEFDCF /* main.m */; };
		846CAE5B1C31321700BEFDCF /* AppDelegate.m in Sources */ = {isa = PBXBuildFile; fileRef = 846CAE5A1C31321700BEFDCF /* AppDelegate.m */; };
		846CAE5E1C31321700BEFDCF /* ViewController.m in Sources */ = {isa = PBXBuildFile; fileRef = 846CAE5D1C31321700BEFDCF /* ViewController.m */; };
		846CAE611C31321700BEFDCF /* Main.storyboard in Resources */ = {isa = PBXBuildFile; fileRef = 846CAE5F1C31321700BEFDCF /* Main.storyboard */; };
		846CAE631C31321700BEFDCF /* Assets.xcassets in Resources */ = {isa = PBXBuildFile; fileRef = 846CAE621C31321700BEFDCF /* Assets.xcassets */; };
		846CAE661C31321700BEFDCF /* LaunchScreen.storyboard in Resources */ = {isa = PBXBuildFile; fileRef = 846CAE641C31321700BEFDCF /* LaunchScreen.storyboard */; };
		846CAE6F1C31326C00BEFDCF /* QustionListController.m in Sources */ = {isa = PBXBuildFile; fileRef = 846CAE6E1C31326C00BEFDCF /* QustionListController.m */; };
		846CAE731C3132E000BEFDCF /* QuestionPlist.plist in Resources */ = {isa = PBXBuildFile; fileRef = 846CAE721C3132E000BEFDCF /* QuestionPlist.plist */; };
		846CAE761C3135BC00BEFDCF /* QuestionModal.m in Sources */ = {isa = PBXBuildFile; fileRef = 846CAE751C3135BC00BEFDCF /* QuestionModal.m */; };
		846CAE7C1C313B4C00BEFDCF /* QustionKuListController.m in Sources */ = {isa = PBXBuildFile; fileRef = 846CAE7B1C313B4C00BEFDCF /* QustionKuListController.m */; };
		846CAE7F1C3146D100BEFDCF /* AnswerViewController.m in Sources */ = {isa = PBXBuildFile; fileRef = 846CAE7E1C3146D100BEFDCF /* AnswerViewController.m */; };
		846CAE811C33D1C200BEFDCF /* Cocoa深入学习:NSOperationQueue、NSRunLoop和线程安全 - 刘坤的技术博客.webarchive in Resources */ = {isa = PBXBuildFile; fileRef = 846CAE801C33D1C200BEFDCF /* Cocoa深入学习:NSOperationQueue、NSRunLoop和线程安全 - 刘坤的技术博客.webarchive */; };
/* End PBXBuildFile section */

/* Begin PBXFileReference section */
		846CAE531C31321700BEFDCF /* QustionList.app */ = {isa = PBXFileReference; explicitFileType = wrapper.application; includeInIndex = 0; path = QustionList.app; sourceTree = BUILT_PRODUCTS_DIR; };
		846CAE571C31321700BEFDCF /* main.m */ = {isa = PBXFileReference; lastKnownFileType = sourcecode.c.objc; path = main.m; sourceTree = "<group>"; };
		846CAE591C31321700BEFDCF /* AppDelegate.h */ = {isa = PBXFileReference; lastKnownFileType = sourcecode.c.h; path = AppDelegate.h; sourceTree = "<group>"; };
		846CAE5A1C31321700BEFDCF /* AppDelegate.m */ = {isa = PBXFileReference; lastKnownFileType = sourcecode.c.objc; path = AppDelegate.m; sourceTree = "<group>"; };
		846CAE5C1C31321700BEFDCF /* ViewController.h */ = {isa = PBXFileReference; lastKnownFileType = sourcecode.c.h; path = ViewController.h; sourceTree = "<group>"; };
		846CAE5D1C31321700BEFDCF /* ViewController.m */ = {isa = PBXFileReference; lastKnownFileType = sourcecode.c.objc; path = ViewController.m; sourceTree = "<group>"; };
		846CAE601C31321700BEFDCF /* Base */ = {isa = PBXFileReference; lastKnownFileType = file.storyboard; name = Base; path = Base.lproj/Main.storyboard; sourceTree = "<group>"; };
		846CAE621C31321700BEFDCF /* Assets.xcassets */ = {isa = PBXFileReference; lastKnownFileType = folder.assetcatalog; path = Assets.xcassets; sourceTree = "<group>"; };
		846CAE651C31321700BEFDCF /* Base */ = {isa = PBXFileReference; lastKnownFileType = file.storyboard; name = Base; path = Base.lproj/LaunchScreen.storyboard; sourceTree = "<group>"; };
		846CAE671C31321700BEFDCF /* Info.plist */ = {isa = PBXFileReference; lastKnownFileType = text.plist.xml; path = Info.plist; sourceTree = "<group>"; };
		846CAE6D1C31326C00BEFDCF /* QustionListController.h */ = {isa = PBXFileReference; fileEncoding = 4; lastKnownFileType = sourcecode.c.h; path = QustionListController.h; sourceTree = "<group>"; };
		846CAE6E1C31326C00BEFDCF /* QustionListController.m */ = {isa = PBXFileReference; fileEncoding = 4; lastKnownFileType = sourcecode.c.objc; path = QustionListController.m; sourceTree = "<group>"; };
		846CAE721C3132E000BEFDCF /* QuestionPlist.plist */ = {isa = PBXFileReference; fileEncoding = 4; lastKnownFileType = text.plist.xml; path = QuestionPlist.plist; sourceTree = "<group>"; };
		846CAE741C3135BC00BEFDCF /* QuestionModal.h */ = {isa = PBXFileReference; fileEncoding = 4; lastKnownFileType = sourcecode.c.h; path = QuestionModal.h; sourceTree = "<group>"; };
		846CAE751C3135BC00BEFDCF /* QuestionModal.m */ = {isa = PBXFileReference; fileEncoding = 4; lastKnownFileType = sourcecode.c.objc; path = QuestionModal.m; sourceTree = "<group>"; };
		846CAE7A1C313B4C00BEFDCF /* QustionKuListController.h */ = {isa = PBXFileReference; fileEncoding = 4; lastKnownFileType = sourcecode.c.h; path = QustionKuListController.h; sourceTree = "<group>"; };
		846CAE7B1C313B4C00BEFDCF /* QustionKuListController.m */ = {isa = PBXFileReference; fileEncoding = 4; lastKnownFileType = sourcecode.c.objc; path = QustionKuListController.m; sourceTree = "<group>"; };
		846CAE7D1C3146D100BEFDCF /* AnswerViewController.h */ = {isa = PBXFileReference; fileEncoding = 4; lastKnownFileType = sourcecode.c.h; path = AnswerViewController.h; sourceTree = "<group>"; };
		846CAE7E1C3146D100BEFDCF /* AnswerViewController.m */ = {isa = PBXFileReference; fileEncoding = 4; lastKnownFileType = sourcecode.c.objc; path = AnswerViewController.m; sourceTree = "<group>"; };
		846CAE801C33D1C200BEFDCF /* Cocoa深入学习:NSOperationQueue、NSRunLoop和线程安全 - 刘坤的技术博客.webarchive */ = {isa = PBXFileReference; lastKnownFileType = file.bplist; path = "Cocoa深入学习:NSOperationQueue、NSRunLoop和线程安全 - 刘坤的技术博客.webarchive"; sourceTree = "<group>"; };
/* End PBXFileReference section */

/* Begin PBXFrameworksBuildPhase section */
		846CAE501C31321700BEFDCF /* Frameworks */ = {
			isa = PBXFrameworksBuildPhase;
			buildActionMask = 2147483647;
			files = (
			);
			runOnlyForDeploymentPostprocessing = 0;
		};
/* End PBXFrameworksBuildPhase section */

/* Begin PBXGroup section */
		846CAE4A1C31321700BEFDCF = {
			isa = PBXGroup;
			children = (
				846CAE551C31321700BEFDCF /* QustionList */,
				846CAE541C31321700BEFDCF /* Products */,
			);
			sourceTree = "<group>";
		};
		846CAE541C31321700BEFDCF /* Products */ = {
			isa = PBXGroup;
			children = (
				846CAE531C31321700BEFDCF /* QustionList.app */,
			);
			name = Products;
			sourceTree = "<group>";
		};
		846CAE551C31321700BEFDCF /* QustionList */ = {
			isa = PBXGroup;
			children = (
				846CAE591C31321700BEFDCF /* AppDelegate.h */,
				846CAE5A1C31321700BEFDCF /* AppDelegate.m */,
				846CAE5C1C31321700BEFDCF /* ViewController.h */,
				846CAE5D1C31321700BEFDCF /* ViewController.m */,
				846CAE7A1C313B4C00BEFDCF /* QustionKuListController.h */,
				846CAE7B1C313B4C00BEFDCF /* QustionKuListController.m */,
				846CAE6D1C31326C00BEFDCF /* QustionListController.h */,
				846CAE6E1C31326C00BEFDCF /* QustionListController.m */,
				846CAE741C3135BC00BEFDCF /* QuestionModal.h */,
				846CAE751C3135BC00BEFDCF /* QuestionModal.m */,
				846CAE7D1C3146D100BEFDCF /* AnswerViewController.h */,
				846CAE7E1C3146D100BEFDCF /* AnswerViewController.m */,
				846CAE721C3132E000BEFDCF /* QuestionPlist.plist */,
				846CAE801C33D1C200BEFDCF /* Cocoa深入学习:NSOperationQueue、NSRunLoop和线程安全 - 刘坤的技术博客.webarchive */,
				846CAE5F1C31321700BEFDCF /* Main.storyboard */,
				846CAE621C31321700BEFDCF /* Assets.xcassets */,
				846CAE641C31321700BEFDCF /* LaunchScreen.storyboard */,
				846CAE671C31321700BEFDCF /* Info.plist */,
				846CAE561C31321700BEFDCF /* Supporting Files */,
			);
			path = QustionList;
			sourceTree = "<group>";
		};
		846CAE561C31321700BEFDCF /* Supporting Files */ = {
			isa = PBXGroup;
			children = (
				846CAE571C31321700BEFDCF /* main.m */,
			);
			name = "Supporting Files";
			sourceTree = "<group>";
		};
/* End PBXGroup section */

/* Begin PBXNativeTarget section */
		846CAE521C31321700BEFDCF /* QustionList */ = {
			isa = PBXNativeTarget;
			buildConfigurationList = 846CAE6A1C31321700BEFDCF /* Build configuration list for PBXNativeTarget "QustionList" */;
			buildPhases = (
				846CAE4F1C31321700BEFDCF /* Sources */,
				846CAE501C31321700BEFDCF /* Frameworks */,
				846CAE511C31321700BEFDCF /* Resources */,
			);
			buildRules = (
			);
			dependencies = (
			);
			name = QustionList;
			productName = QustionList;
			productReference = 846CAE531C31321700BEFDCF /* QustionList.app */;
			productType = "com.apple.product-type.application";
		};
/* End PBXNativeTarget section */

/* Begin PBXProject section */
		846CAE4B1C31321700BEFDCF /* Project object */ = {
			isa = PBXProject;
			attributes = {
				LastUpgradeCheck = 0720;
				ORGANIZATIONNAME = WinterLin;
				TargetAttributes = {
					846CAE521C31321700BEFDCF = {
						CreatedOnToolsVersion = 7.2;
					};
				};
			};
			buildConfigurationList = 846CAE4E1C31321700BEFDCF /* Build configuration list for PBXProject "QustionList" */;
			compatibilityVersion = "Xcode 3.2";
			developmentRegion = English;
			hasScannedForEncodings = 0;
			knownRegions = (
				en,
				Base,
			);
			mainGroup = 846CAE4A1C31321700BEFDCF;
			productRefGroup = 846CAE541C31321700BEFDCF /* Products */;
			projectDirPath = "";
			projectRoot = "";
			targets = (
				846CAE521C31321700BEFDCF /* QustionList */,
			);
		};
/* End PBXProject section */

/* Begin PBXResourcesBuildPhase section */
		846CAE511C31321700BEFDCF /* Resources */ = {
			isa = PBXResourcesBuildPhase;
			buildActionMask = 2147483647;
			files = (
				846CAE661C31321700BEFDCF /* LaunchScreen.storyboard in Resources */,
				846CAE731C3132E000BEFDCF /* QuestionPlist.plist in Resources */,
				846CAE631C31321700BEFDCF /* Assets.xcassets in Resources */,
				846CAE811C33D1C200BEFDCF /* Cocoa深入学习:NSOperationQueue、NSRunLoop和线程安全 - 刘坤的技术博客.webarchive in Resources */,
				846CAE611C31321700BEFDCF /* Main.storyboard in Resources */,
			);
			runOnlyForDeploymentPostprocessing = 0;
		};
/* End PBXResourcesBuildPhase section */

/* Begin PBXSourcesBuildPhase section */
		846CAE4F1C31321700BEFDCF /* Sources */ = {
			isa = PBXSourcesBuildPhase;
			buildActionMask = 2147483647;
			files = (
				846CAE761C3135BC00BEFDCF /* QuestionModal.m in Sources */,
				846CAE5E1C31321700BEFDCF /* ViewController.m in Sources */,
				846CAE7F1C3146D100BEFDCF /* AnswerViewController.m in Sources */,
				846CAE6F1C31326C00BEFDCF /* QustionListController.m in Sources */,
				846CAE7C1C313B4C00BEFDCF /* QustionKuListController.m in Sources */,
				846CAE5B1C31321700BEFDCF /* AppDelegate.m in Sources */,
				846CAE581C31321700BEFDCF /* main.m in Sources */,
			);
			runOnlyForDeploymentPostprocessing = 0;
		};
/* End PBXSourcesBuildPhase section */

/* Begin PBXVariantGroup section */
		846CAE5F1C31321700BEFDCF /* Main.storyboard */ = {
			isa = PBXVariantGroup;
			children = (
				846CAE601C31321700BEFDCF /* Base */,
			);
			name = Main.storyboard;
			sourceTree = "<group>";
		};
		846CAE641C31321700BEFDCF /* LaunchScreen.storyboard */ = {
			isa = PBXVariantGroup;
			children = (
				846CAE651C31321700BEFDCF /* Base */,
			);
			name = LaunchScreen.storyboard;
			sourceTree = "<group>";
		};
/* End PBXVariantGroup section */

/* Begin XCBuildConfiguration section */
		846CAE681C31321700BEFDCF /* Debug */ = {
			isa = XCBuildConfiguration;
			buildSettings = {
				ALWAYS_SEARCH_USER_PATHS = NO;
				CLANG_CXX_LANGUAGE_STANDARD = "gnu++0x";
				CLANG_CXX_LIBRARY = "libc++";
				CLANG_ENABLE_MODULES = YES;
				CLANG_ENABLE_OBJC_ARC = YES;
				CLANG_WARN_BOOL_CONVERSION = YES;
				CLANG_WARN_CONSTANT_CONVERSION = YES;
				CLANG_WARN_DIRECT_OBJC_ISA_USAGE = YES_ERROR;
				CLANG_WARN_EMPTY_BODY = YES;
				CLANG_WARN_ENUM_CONVERSION = YES;
				CLANG_WARN_INT_CONVERSION = YES;
				CLANG_WARN_OBJC_ROOT_CLASS = YES_ERROR;
				CLANG_WARN_UNREACHABLE_CODE = YES;
				CLANG_WARN__DUPLICATE_METHOD_MATCH = YES;
				"CODE_SIGN_IDENTITY[sdk=iphoneos*]" = "iPhone Developer";
				COPY_PHASE_STRIP = NO;
				DEBUG_INFORMATION_FORMAT = dwarf;
				ENABLE_STRICT_OBJC_MSGSEND = YES;
				ENABLE_TESTABILITY = YES;
				GCC_C_LANGUAGE_STANDARD = gnu99;
				GCC_DYNAMIC_NO_PIC = NO;
				GCC_NO_COMMON_BLOCKS = YES;
				GCC_OPTIMIZATION_LEVEL = 0;
				GCC_PREPROCESSOR_DEFINITIONS = (
					"DEBUG=1",
					"$(inherited)",
				);
				GCC_WARN_64_TO_32_BIT_CONVERSION = YES;
				GCC_WARN_ABOUT_RETURN_TYPE = YES_ERROR;
				GCC_WARN_UNDECLARED_SELECTOR = YES;
				GCC_WARN_UNINITIALIZED_AUTOS = YES_AGGRESSIVE;
				GCC_WARN_UNUSED_FUNCTION = YES;
				GCC_WARN_UNUSED_VARIABLE = YES;
				IPHONEOS_DEPLOYMENT_TARGET = 9.2;
				MTL_ENABLE_DEBUG_INFO = YES;
				ONLY_ACTIVE_ARCH = YES;
				SDKROOT = iphoneos;
			};
			name = Debug;
		};
		846CAE691C31321700BEFDCF /* Release */ = {
			isa = XCBuildConfiguration;
			buildSettings = {
				ALWAYS_SEARCH_USER_PATHS = NO;
				CLANG_CXX_LANGUAGE_STANDARD = "gnu++0x";
				CLANG_CXX_LIBRARY = "libc++";
				CLANG_ENABLE_MODULES = YES;
				CLANG_ENABLE_OBJC_ARC = YES;
				CLANG_WARN_BOOL_CONVERSION = YES;
				CLANG_WARN_CONSTANT_CONVERSION = YES;
				CLANG_WARN_DIRECT_OBJC_ISA_USAGE = YES_ERROR;
				CLANG_WARN_EMPTY_BODY = YES;
				CLANG_WARN_ENUM_CONVERSION = YES;
				CLANG_WARN_INT_CONVERSION = YES;
				CLANG_WARN_OBJC_ROOT_CLASS = YES_ERROR;
				CLANG_WARN_UNREACHABLE_CODE = YES;
				CLANG_WARN__DUPLICATE_METHOD_MATCH = YES;
				"CODE_SIGN_IDENTITY[sdk=iphoneos*]" = "iPhone Developer";
				COPY_PHASE_STRIP = NO;
				DEBUG_INFORMATION_FORMAT = "dwarf-with-dsym";
				ENABLE_NS_ASSERTIONS = NO;
				ENABLE_STRICT_OBJC_MSGSEND = YES;
				GCC_C_LANGUAGE_STANDARD = gnu99;
				GCC_NO_COMMON_BLOCKS = YES;
				GCC_WARN_64_TO_32_BIT_CONVERSION = YES;
				GCC_WARN_ABOUT_RETURN_TYPE = YES_ERROR;
				GCC_WARN_UNDECLARED_SELECTOR = YES;
				GCC_WARN_UNINITIALIZED_AUTOS = YES_AGGRESSIVE;
				GCC_WARN_UNUSED_FUNCTION = YES;
				GCC_WARN_UNUSED_VARIABLE = YES;
				IPHONEOS_DEPLOYMENT_TARGET = 9.2;
				MTL_ENABLE_DEBUG_INFO = NO;
				SDKROOT = iphoneos;
				VALIDATE_PRODUCT = YES;
			};
			name = Release;
		};
		846CAE6B1C31321700BEFDCF /* Debug */ = {
			isa = XCBuildConfiguration;
			buildSettings = {
				ASSETCATALOG_COMPILER_APPICON_NAME = AppIcon;
				INFOPLIST_FILE = QustionList/Info.plist;
				LD_RUNPATH_SEARCH_PATHS = "$(inherited) @executable_path/Frameworks";
				PRODUCT_BUNDLE_IDENTIFIER = com.haifang.QustionList;
				PRODUCT_NAME = "$(TARGET_NAME)";
			};
			name = Debug;
		};
		846CAE6C1C31321700BEFDCF /* Release */ = {
			isa = XCBuildConfiguration;
			buildSettings = {
				ASSETCATALOG_COMPILER_APPICON_NAME = AppIcon;
				INFOPLIST_FILE = QustionList/Info.plist;
				LD_RUNPATH_SEARCH_PATHS = "$(inherited) @executable_path/Frameworks";
				PRODUCT_BUNDLE_IDENTIFIER = com.haifang.QustionList;
				PRODUCT_NAME = "$(TARGET_NAME)";
			};
			name = Release;
		};
/* End XCBuildConfiguration section */

/* Begin XCConfigurationList section */
		846CAE4E1C31321700BEFDCF /* Build configuration list for PBXProject "QustionList" */ = {
			isa = XCConfigurationList;
			buildConfigurations = (
				846CAE681C31321700BEFDCF /* Debug */,
				846CAE691C31321700BEFDCF /* Release */,
			);
			defaultConfigurationIsVisible = 0;
			defaultConfigurationName = Release;
		};
		846CAE6A1C31321700BEFDCF /* Build configuration list for PBXNativeTarget "QustionList" */ = {
			isa = XCConfigurationList;
			buildConfigurations = (
				846CAE6B1C31321700BEFDCF /* Debug */,
				846CAE6C1C31321700BEFDCF /* Release */,
			);
			defaultConfigurationIsVisible = 0;
		};
/* End XCConfigurationList section */
	};
	rootObject = 846CAE4B1C31321700BEFDCF /* Project object */;
}
